
Microsoft Visual Studio Solution File, Format Version 12.00
# Visual Studio Version 16
VisualStudioVersion = 16.0.32929.386
MinimumVisualStudioVersion = 10.0.40219.1
Project("{9A19103F-16F7-4668-BE54-9A1E7A4F7556}") = "Ecommerce.Api.Products", "Ecommerce.Api.Products\Ecommerce.Api.Products.csproj", "{D307C68E-9EE2-4F67-BCEE-F912284272AB}"
EndProject
Project("{9A19103F-16F7-4668-BE54-9A1E7A4F7556}") = "Ecommerce.Api.Customers", "Ecommerce.Api.Customers\Ecommerce.Api.Customers.csproj", "{72ECEC52-BD4D-4A7B-B82E-E1963617A31B}"
EndProject
Project("{9A19103F-16F7-4668-BE54-9A1E7A4F7556}") = "Ecommerce.Api.Orders", "Ecommerce.Api.Orders\Ecommerce.Api.Orders.csproj", "{631D09FE-4D54-474D-80CD-50F1482E0883}"
EndProject
Project("{9A19103F-16F7-4668-BE54-9A1E7A4F7556}") = "Ecommerce.Api.Search", "Ecommerce.Api.Search\Ecommerce.Api.Search.csproj", "{788108BD-70F3-4142-93B3-AD9A18633261}"
EndProject
Project("{9A19103F-16F7-4668-BE54-9A1E7A4F7556}") = "Ecommerce.Api.Products.Tests", "Ecommerce.Api.Products.Tests\Ecommerce.Api.Products.Tests.csproj", "{F066BEBE-3419-4FC7-9CBF-1A8BDEAE05C2}"
EndProject
Project("{E53339B2-1760-4266-BCC7-CA923CBCF16C}") = "docker-compose", "docker-compose.dcproj", "{5870FC78-CE4E-454D-89FC-365B598878F4}"
EndProject
Global
	GlobalSection(SolutionConfigurationPlatforms) = preSolution
		Debug|Any CPU = Debug|Any CPU
		Release|Any CPU = Release|Any CPU
	EndGlobalSection
	GlobalSection(ProjectConfigurationPlatforms) = postSolution
		{D307C68E-9EE2-4F67-BCEE-F912284272AB}.Debug|Any CPU.ActiveCfg = Debug|Any CPU
		{D307C68E-9EE2-4F67-BCEE-F912284272AB}.Debug|Any CPU.Build.0 = Debug|Any CPU
		{D307C68E-9EE2-4F67-BCEE-F912284272AB}.Release|Any CPU.ActiveCfg = Release|Any CPU
		{D307C68E-9EE2-4F67-BCEE-F912284272AB}.Release|Any CPU.Build.0 = Release|Any CPU
		{72ECEC52-BD4D-4A7B-B82E-E1963617A31B}.Debug|Any CPU.ActiveCfg = Debug|Any CPU
		{72ECEC52-BD4D-4A7B-B82E-E1963617A31B}.Debug|Any CPU.Build.0 = Debug|Any CPU
		{72ECEC52-BD4D-4A7B-B82E-E1963617A31B}.Release|Any CPU.ActiveCfg = Release|Any CPU
		{72ECEC52-BD4D-4A7B-B82E-E1963617A31B}.Release|Any CPU.Build.0 = Release|Any CPU
		{631D09FE-4D54-474D-80CD-50F1482E0883}.Debug|Any CPU.ActiveCfg = Debug|Any CPU
		{631D09FE-4D54-474D-80CD-50F1482E0883}.Debug|Any CPU.Build.0 = Debug|Any CPU
		{631D09FE-4D54-474D-80CD-50F1482E0883}.Release|Any CPU.ActiveCfg = Release|Any CPU
		{631D09FE-4D54-474D-80CD-50F1482E0883}.Release|Any CPU.Build.0 = Release|Any CPU
		{788108BD-70F3-4142-93B3-AD9A18633261}.Debug|Any CPU.ActiveCfg = Debug|Any CPU
		{788108BD-70F3-4142-93B3-AD9A18633261}.Debug|Any CPU.Build.0 = Debug|Any CPU
		{788108BD-70F3-4142-93B3-AD9A18633261}.Release|Any CPU.ActiveCfg = Release|Any CPU
		{788108BD-70F3-4142-93B3-AD9A18633261}.Release|Any CPU.Build.0 = Release|Any CPU
		{F066BEBE-3419-4FC7-9CBF-1A8BDEAE05C2}.Debug|Any CPU.ActiveCfg = Debug|Any CPU
		{F066BEBE-3419-4FC7-9CBF-1A8BDEAE05C2}.Debug|Any CPU.Build.0 = Debug|Any CPU
		{F066BEBE-3419-4FC7-9CBF-1A8BDEAE05C2}.Release|Any CPU.ActiveCfg = Release|Any CPU
		{F066BEBE-3419-4FC7-9CBF-1A8BDEAE05C2}.Release|Any CPU.Build.0 = Release|Any CPU
		{5870FC78-CE4E-454D-89FC-365B598878F4}.Debug|Any CPU.ActiveCfg = Debug|Any CPU
		{5870FC78-CE4E-454D-89FC-365B598878F4}.Debug|Any CPU.Build.0 = Debug|Any CPU
		{5870FC78-CE4E-454D-89FC-365B598878F4}.Release|Any CPU.ActiveCfg = Release|Any CPU
		{5870FC78-CE4E-454D-89FC-365B598878F4}.Release|Any CPU.Build.0 = Release|Any CPU
	EndGlobalSection
	GlobalSection(SolutionProperties) = preSolution
		HideSolutionNode = FALSE
	EndGlobalSection
	GlobalSection(ExtensibilityGlobals) = postSolution
		SolutionGuid = {B71E351A-79D9-4300-A9B5-723742E1F25C}
	EndGlobalSection
EndGlobal
